
Microsoft Visual Studio Solution File, Format Version 12.00
# Visual Studio Version 17
VisualStudioVersion = 17.5.33502.453
MinimumVisualStudioVersion = 10.0.40219.1
Project("{FAE04EC0-301F-11D3-BF4B-00C04F79EFBC}") = "Aplikacja", "Aplikacja.csproj", "{4D557EEC-68C5-4FE2-BFA9-90907D1C5455}"
EndProject
Global
	GlobalSection(SolutionConfigurationPlatforms) = preSolution
		Debug|Any CPU = Debug|Any CPU
		Release|Any CPU = Release|Any CPU
	EndGlobalSection
	GlobalSection(ProjectConfigurationPlatforms) = postSolution
		{4D557EEC-68C5-4FE2-BFA9-90907D1C5455}.Debug|Any CPU.ActiveCfg = Debug|Any CPU
		{4D557EEC-68C5-4FE2-BFA9-90907D1C5455}.Debug|Any CPU.Build.0 = Debug|Any CPU
		{4D557EEC-68C5-4FE2-BFA9-90907D1C5455}.Release|Any CPU.ActiveCfg = Release|Any CPU
		{4D557EEC-68C5-4FE2-BFA9-90907D1C5455}.Release|Any CPU.Build.0 = Release|Any CPU
	EndGlobalSection
	GlobalSection(SolutionProperties) = preSolution
		HideSolutionNode = FALSE
	EndGlobalSection
	GlobalSection(ExtensibilityGlobals) = postSolution
		SolutionGuid = {D944E1F9-A33B-4B9F-BC44-7CCB33FE40B0}
	EndGlobalSection
EndGlobal
